
Microsoft Visual Studio Solution File, Format Version 12.00
# Visual Studio Version 17
VisualStudioVersion = 17.10.34928.147
MinimumVisualStudioVersion = 10.0.40219.1
Project("{FAE04EC0-301F-11D3-BF4B-00C04F79EFBC}") = "BookRentalManagementSystem", "BookRentalManagementSystem\BookRentalManagementSystem.csproj", "{B9878BD3-3817-4D6F-B952-FE42165D839B}"
EndProject
Global
	GlobalSection(SolutionConfigurationPlatforms) = preSolution
		Debug|Any CPU = Debug|Any CPU
		Release|Any CPU = Release|Any CPU
	EndGlobalSection
	GlobalSection(ProjectConfigurationPlatforms) = postSolution
		{B9878BD3-3817-4D6F-B952-FE42165D839B}.Debug|Any CPU.ActiveCfg = Debug|Any CPU
		{B9878BD3-3817-4D6F-B952-FE42165D839B}.Debug|Any CPU.Build.0 = Debug|Any CPU
		{B9878BD3-3817-4D6F-B952-FE42165D839B}.Release|Any CPU.ActiveCfg = Release|Any CPU
		{B9878BD3-3817-4D6F-B952-FE42165D839B}.Release|Any CPU.Build.0 = Release|Any CPU
	EndGlobalSection
	GlobalSection(SolutionProperties) = preSolution
		HideSolutionNode = FALSE
	EndGlobalSection
	GlobalSection(ExtensibilityGlobals) = postSolution
		SolutionGuid = {0ADF047E-126B-468D-B73D-695359E79F37}
	EndGlobalSection
EndGlobal
